
Microsoft Visual Studio Solution File, Format Version 12.00
# Visual Studio Version 16
VisualStudioVersion = 16.0.28917.182
MinimumVisualStudioVersion = 10.0.40219.1
Project("{9A19103F-16F7-4668-BE54-9A1E7A4F7556}") = "Asm.BankPlus.Web", "src\Asm.BankPlus.Web\Asm.BankPlus.Web.csproj", "{F424AA48-81DB-4D75-A198-7C5AAA9C71B5}"
EndProject
Project("{00D1A9C2-B5F0-4AF3-8072-F6C62B433612}") = "Asm.BankPlus.Database", "src\Asm.BankPlus.Database\Asm.BankPlus.Database.sqlproj", "{8F8240C5-B472-4CB6-A115-5578AB3DD0DB}"
EndProject
Project("{9A19103F-16F7-4668-BE54-9A1E7A4F7556}") = "Asm.BankPlus", "src\Asm.BankPlus\Asm.BankPlus.csproj", "{E1FBF425-DD1A-43D9-B690-9560A950F356}"
EndProject
Project("{9A19103F-16F7-4668-BE54-9A1E7A4F7556}") = "Asm.BankPlus.Models", "src\Asm.BankPlus.Models\Asm.BankPlus.Models.csproj", "{9B078748-1B3D-4BD5-B749-EE8FB68AD0DC}"
EndProject
Project("{9A19103F-16F7-4668-BE54-9A1E7A4F7556}") = "Asm.BankPlus.Data", "src\Asm.BankPlus.Data\Asm.BankPlus.Data.csproj", "{8836E750-5ABA-43B6-82ED-631D6900FA26}"
EndProject
Project("{9A19103F-16F7-4668-BE54-9A1E7A4F7556}") = "Asm.BankPlus.BulkLoad", "src\Asm.BankPlus.BulkLoad\Asm.BankPlus.BulkLoad.csproj", "{881B49FE-8397-43E0-B5C0-F9FA354946C1}"
EndProject
Project("{FAE04EC0-301F-11D3-BF4B-00C04F79EFBC}") = "Asm.BankPlus.Services", "src\Asm.BankPlus.Services\Asm.BankPlus.Services.csproj", "{FC276E8E-5636-47CE-8847-8EC960D53CB9}"
EndProject
Global
	GlobalSection(SolutionConfigurationPlatforms) = preSolution
		Debug|Any CPU = Debug|Any CPU
		Release|Any CPU = Release|Any CPU
	EndGlobalSection
	GlobalSection(ProjectConfigurationPlatforms) = postSolution
		{F424AA48-81DB-4D75-A198-7C5AAA9C71B5}.Debug|Any CPU.ActiveCfg = Debug|Any CPU
		{F424AA48-81DB-4D75-A198-7C5AAA9C71B5}.Debug|Any CPU.Build.0 = Debug|Any CPU
		{F424AA48-81DB-4D75-A198-7C5AAA9C71B5}.Release|Any CPU.ActiveCfg = Release|Any CPU
		{F424AA48-81DB-4D75-A198-7C5AAA9C71B5}.Release|Any CPU.Build.0 = Release|Any CPU
		{8F8240C5-B472-4CB6-A115-5578AB3DD0DB}.Debug|Any CPU.ActiveCfg = Debug|Any CPU
		{8F8240C5-B472-4CB6-A115-5578AB3DD0DB}.Debug|Any CPU.Build.0 = Debug|Any CPU
		{8F8240C5-B472-4CB6-A115-5578AB3DD0DB}.Debug|Any CPU.Deploy.0 = Debug|Any CPU
		{8F8240C5-B472-4CB6-A115-5578AB3DD0DB}.Release|Any CPU.ActiveCfg = Release|Any CPU
		{8F8240C5-B472-4CB6-A115-5578AB3DD0DB}.Release|Any CPU.Build.0 = Release|Any CPU
		{8F8240C5-B472-4CB6-A115-5578AB3DD0DB}.Release|Any CPU.Deploy.0 = Release|Any CPU
		{E1FBF425-DD1A-43D9-B690-9560A950F356}.Debug|Any CPU.ActiveCfg = Debug|Any CPU
		{E1FBF425-DD1A-43D9-B690-9560A950F356}.Debug|Any CPU.Build.0 = Debug|Any CPU
		{E1FBF425-DD1A-43D9-B690-9560A950F356}.Release|Any CPU.ActiveCfg = Release|Any CPU
		{E1FBF425-DD1A-43D9-B690-9560A950F356}.Release|Any CPU.Build.0 = Release|Any CPU
		{9B078748-1B3D-4BD5-B749-EE8FB68AD0DC}.Debug|Any CPU.ActiveCfg = Debug|Any CPU
		{9B078748-1B3D-4BD5-B749-EE8FB68AD0DC}.Debug|Any CPU.Build.0 = Debug|Any CPU
		{9B078748-1B3D-4BD5-B749-EE8FB68AD0DC}.Release|Any CPU.ActiveCfg = Release|Any CPU
		{9B078748-1B3D-4BD5-B749-EE8FB68AD0DC}.Release|Any CPU.Build.0 = Release|Any CPU
		{8836E750-5ABA-43B6-82ED-631D6900FA26}.Debug|Any CPU.ActiveCfg = Debug|Any CPU
		{8836E750-5ABA-43B6-82ED-631D6900FA26}.Debug|Any CPU.Build.0 = Debug|Any CPU
		{8836E750-5ABA-43B6-82ED-631D6900FA26}.Release|Any CPU.ActiveCfg = Release|Any CPU
		{8836E750-5ABA-43B6-82ED-631D6900FA26}.Release|Any CPU.Build.0 = Release|Any CPU
		{881B49FE-8397-43E0-B5C0-F9FA354946C1}.Debug|Any CPU.ActiveCfg = Debug|Any CPU
		{881B49FE-8397-43E0-B5C0-F9FA354946C1}.Debug|Any CPU.Build.0 = Debug|Any CPU
		{881B49FE-8397-43E0-B5C0-F9FA354946C1}.Release|Any CPU.ActiveCfg = Release|Any CPU
		{881B49FE-8397-43E0-B5C0-F9FA354946C1}.Release|Any CPU.Build.0 = Release|Any CPU
		{FC276E8E-5636-47CE-8847-8EC960D53CB9}.Debug|Any CPU.ActiveCfg = Debug|Any CPU
		{FC276E8E-5636-47CE-8847-8EC960D53CB9}.Debug|Any CPU.Build.0 = Debug|Any CPU
		{FC276E8E-5636-47CE-8847-8EC960D53CB9}.Release|Any CPU.ActiveCfg = Release|Any CPU
		{FC276E8E-5636-47CE-8847-8EC960D53CB9}.Release|Any CPU.Build.0 = Release|Any CPU
	EndGlobalSection
	GlobalSection(SolutionProperties) = preSolution
		HideSolutionNode = FALSE
	EndGlobalSection
	GlobalSection(ExtensibilityGlobals) = postSolution
		SolutionGuid = {0CAD466B-BD01-4883-9CDC-F62C19A2A615}
	EndGlobalSection
EndGlobal
