
Microsoft Visual Studio Solution File, Format Version 12.00
# Visual Studio Version 17
VisualStudioVersion = 17.1.31903.286
MinimumVisualStudioVersion = 10.0.40219.1
Project("{9A19103F-16F7-4668-BE54-9A1E7A4F7556}") = "Asm.MooBank.Web.Api", "src\Asm.MooBank.Web.Api\Asm.MooBank.Web.Api.csproj", "{F424AA48-81DB-4D75-A198-7C5AAA9C71B5}"
EndProject
Project("{00D1A9C2-B5F0-4AF3-8072-F6C62B433612}") = "Asm.MooBank.Database", "src\Asm.MooBank.Database\Asm.MooBank.Database.sqlproj", "{8F8240C5-B472-4CB6-A115-5578AB3DD0DB}"
EndProject
Project("{9A19103F-16F7-4668-BE54-9A1E7A4F7556}") = "Asm.MooBank", "src\Asm.MooBank\Asm.MooBank.csproj", "{E1FBF425-DD1A-43D9-B690-9560A950F356}"
EndProject
Project("{9A19103F-16F7-4668-BE54-9A1E7A4F7556}") = "Asm.MooBank.Models", "src\Asm.MooBank.Models\Asm.MooBank.Models.csproj", "{9B078748-1B3D-4BD5-B749-EE8FB68AD0DC}"
EndProject
Project("{9A19103F-16F7-4668-BE54-9A1E7A4F7556}") = "Asm.MooBank.Domain", "src\Asm.MooBank.Domain\Asm.MooBank.Domain.csproj", "{8836E750-5ABA-43B6-82ED-631D6900FA26}"
EndProject
Project("{9A19103F-16F7-4668-BE54-9A1E7A4F7556}") = "Asm.MooBank.Infrastructure", "src\Asm.MooBank.Infrastructure\Asm.MooBank.Infrastructure.csproj", "{EE7A3FB3-48E4-4973-802F-F4B95FCF48C0}"
EndProject
Project("{9A19103F-16F7-4668-BE54-9A1E7A4F7556}") = "Asm.MooBank.Web.Jobs", "src\Asm.MooBank.Web.Jobs\Asm.MooBank.Web.Jobs.csproj", "{61B4982B-665D-4B0A-B330-92D8E4110FB6}"
EndProject
Project("{9A19103F-16F7-4668-BE54-9A1E7A4F7556}") = "Asm.MooBank.Security", "src\Asm.MooBank.Security\Asm.MooBank.Security.csproj", "{A543D5EE-AD1A-47A8-8E18-154710A6A44F}"
EndProject
Project("{2150E333-8FDC-42A3-9474-1A3956D46DE8}") = "diagrams", "diagrams", "{2F95640D-BDB2-42E0-BDFB-5F3CA190C51A}"
	ProjectSection(SolutionItems) = preProject
		diagrams\Model.dgml = diagrams\Model.dgml
		diagrams\Transactions.dgml = diagrams\Transactions.dgml
	EndProjectSection
EndProject
Project("{9A19103F-16F7-4668-BE54-9A1E7A4F7556}") = "Asm.MooBank.Institution.Ing", "src\Asm.MooBank.Institution.Ing\Asm.MooBank.Institution.Ing.csproj", "{D52C951F-030B-4BFD-8803-EF5DBE55F246}"
EndProject
Project("{2150E333-8FDC-42A3-9474-1A3956D46DE8}") = "Config", "Config", "{07F4FBE0-487C-4F4D-AAAC-6E3DC848D55C}"
	ProjectSection(SolutionItems) = preProject
		.editorconfig = .editorconfig
		Common.props = Common.props
		Directory.Build.targets = Directory.Build.targets
	EndProjectSection
EndProject
Project("{2150E333-8FDC-42A3-9474-1A3956D46DE8}") = "Integrations", "Integrations", "{2754ACBC-340B-4D5C-AEE8-1AC1AD5CF9E0}"
EndProject
Project("{54A90642-561A-4BB1-A94E-469ADEE60C69}") = "Asm.MooBank.Web.App", "src\Asm.MooBank.Web.App\Asm.MooBank.Web.App.esproj", "{47DC3410-DDFD-4B06-A26B-509AA5BAF27A}"
EndProject
Project("{2150E333-8FDC-42A3-9474-1A3956D46DE8}") = "Modules", "Modules", "{38BEA81E-F80F-44DE-A930-9BD5D3A62FFF}"
EndProject
Project("{9A19103F-16F7-4668-BE54-9A1E7A4F7556}") = "Asm.MooBank.Modules.Account", "src\Asm.MooBank.Modules.Account\Asm.MooBank.Modules.Account.csproj", "{DE0BFB06-D9E1-4D70-8797-AFC667084CF4}"
EndProject
Project("{9A19103F-16F7-4668-BE54-9A1E7A4F7556}") = "Asm.MooBank.Modules.AccountGroup", "src\Asm.MooBank.Modules.AccountGroup\Asm.MooBank.Modules.AccountGroup.csproj", "{60B1B7F8-7E5B-4D02-9610-08013CE4BB33}"
EndProject
Project("{9A19103F-16F7-4668-BE54-9A1E7A4F7556}") = "Asm.MooBank.Modules.Tag", "src\Asm.MooBank.Modules.Tag\Asm.MooBank.Modules.Tag.csproj", "{0840289D-F07F-496B-8AF3-615D76AFDE24}"
EndProject
Project("{9A19103F-16F7-4668-BE54-9A1E7A4F7556}") = "Asm.MooBank.Modules.Budget", "src\Asm.MooBank.Modules.Budget\Asm.MooBank.Modules.Budget.csproj", "{D7C006E7-9F10-4A30-A076-DF89209CF3E5}"
EndProject
Project("{9A19103F-16F7-4668-BE54-9A1E7A4F7556}") = "Asm.MooBank.Modules.Family", "src\Asm.MooBank.Modules.Family\Asm.MooBank.Modules.Family.csproj", "{26935349-E460-427B-BFAE-552564F35BE5}"
EndProject
Project("{9A19103F-16F7-4668-BE54-9A1E7A4F7556}") = "Asm.MooBank.Modules.Institution", "src\Asm.MooBank.Modules.Institution\Asm.MooBank.Modules.Institution.csproj", "{3C8217D4-457B-425C-9626-43AE1C0DDF0D}"
EndProject
Project("{9A19103F-16F7-4668-BE54-9A1E7A4F7556}") = "Asm.MooBank.Modules.Reports", "src\Asm.MooBank.Modules.Reports\Asm.MooBank.Modules.Reports.csproj", "{33DBFE2A-2EAE-4B04-855B-D5ADEDF38D74}"
EndProject
Project("{9A19103F-16F7-4668-BE54-9A1E7A4F7556}") = "Asm.MooBank.Modules.Transactions", "src\Asm.MooBank.Modules.Transactions\Asm.MooBank.Modules.Transactions.csproj", "{C5167967-0DA8-4133-A89B-1C246C8536C5}"
EndProject
Project("{9A19103F-16F7-4668-BE54-9A1E7A4F7556}") = "Asm.MooBank.Modules.ReferenceData", "src\Asm.MooBank.Modules.ReferenceData\Asm.MooBank.Modules.ReferenceData.csproj", "{2E2085E6-C45F-4EAB-9F39-8DC83CE3B9B2}"
EndProject
Project("{2150E333-8FDC-42A3-9474-1A3956D46DE8}") = ".octopus", ".octopus", "{35E7F8C4-A21C-442C-BD47-7A8575597CD4}"
	ProjectSection(SolutionItems) = preProject
		.octopus\deployment_process.ocl = .octopus\deployment_process.ocl
		.octopus\deployment_settings.ocl = .octopus\deployment_settings.ocl
		.octopus\schema_version.ocl = .octopus\schema_version.ocl
		.octopus\variables.ocl = .octopus\variables.ocl
	EndProjectSection
EndProject
Project("{2150E333-8FDC-42A3-9474-1A3956D46DE8}") = ".github", ".github", "{EAC5F111-34BB-4633-A274-257074F46E7F}"
	ProjectSection(SolutionItems) = preProject
		.github\dependabot.yml = .github\dependabot.yml
	EndProjectSection
EndProject
Project("{2150E333-8FDC-42A3-9474-1A3956D46DE8}") = "workflows", "workflows", "{609F2607-9FFD-4DF1-AB84-5E745FD6395E}"
	ProjectSection(SolutionItems) = preProject
		.github\workflows\build.yml = .github\workflows\build.yml
		.github\workflows\deploy.yml = .github\workflows\deploy.yml
	EndProjectSection
EndProject
Project("{9A19103F-16F7-4668-BE54-9A1E7A4F7556}") = "Asm.MooBank.Eodhd", "src\Asm.MooBank.Eodhd\Asm.MooBank.Eodhd.csproj", "{5EED26F8-2233-49E7-A302-82EF46DACE1A}"
EndProject
Project("{9A19103F-16F7-4668-BE54-9A1E7A4F7556}") = "Asm.MooBank.Modules.Stock", "src\Asm.MooBank.Modules.Stock\Asm.MooBank.Modules.Stock.csproj", "{E9177C4B-593F-4EDE-B782-4CB7BC7C2D36}"
EndProject
Project("{9A19103F-16F7-4668-BE54-9A1E7A4F7556}") = "Asm.MooBank.ExchangeRateApi", "src\Asm.MooBank.ExchangeRateApi\Asm.MooBank.ExchangeRateApi.csproj", "{34A02BFD-A9AC-47EE-A1DE-A5B00C64CCAA}"
EndProject
Project("{9A19103F-16F7-4668-BE54-9A1E7A4F7556}") = "Asm.MooBank.Modules.AccountHolder", "src\Asm.MooBank.Modules.AccountHolder\Asm.MooBank.Modules.AccountHolder.csproj", "{2238CEE0-0A21-4C0A-8A18-2DD08020AF99}"
EndProject
Project("{9A19103F-16F7-4668-BE54-9A1E7A4F7556}") = "Asm.MooBank.Institution.AustralianSuper", "src\Asm.MooBank.Institution.AustralianSuper\Asm.MooBank.Institution.AustralianSuper.csproj", "{544C51D0-794B-426C-B7D4-E1DA45CBE916}"
EndProject
Project("{2150E333-8FDC-42A3-9474-1A3956D46DE8}") = "Tests", "Tests", "{54709F25-BC08-4B76-9DEE-88687AD76533}"
EndProject
Project("{FAE04EC0-301F-11D3-BF4B-00C04F79EFBC}") = "Asm.MooBank.Modules.Tests", "tests\Asm.MooBank.Modules.Tests\Asm.MooBank.Modules.Tests.csproj", "{511708F0-5282-4B40-9848-792C0E139FF8}"
EndProject
Global
	GlobalSection(SolutionConfigurationPlatforms) = preSolution
		Debug|Any CPU = Debug|Any CPU
		Release|Any CPU = Release|Any CPU
	EndGlobalSection
	GlobalSection(ProjectConfigurationPlatforms) = postSolution
		{F424AA48-81DB-4D75-A198-7C5AAA9C71B5}.Debug|Any CPU.ActiveCfg = Debug|Any CPU
		{F424AA48-81DB-4D75-A198-7C5AAA9C71B5}.Debug|Any CPU.Build.0 = Debug|Any CPU
		{F424AA48-81DB-4D75-A198-7C5AAA9C71B5}.Release|Any CPU.ActiveCfg = Release|Any CPU
		{F424AA48-81DB-4D75-A198-7C5AAA9C71B5}.Release|Any CPU.Build.0 = Release|Any CPU
		{8F8240C5-B472-4CB6-A115-5578AB3DD0DB}.Debug|Any CPU.ActiveCfg = Debug|Any CPU
		{8F8240C5-B472-4CB6-A115-5578AB3DD0DB}.Debug|Any CPU.Build.0 = Debug|Any CPU
		{8F8240C5-B472-4CB6-A115-5578AB3DD0DB}.Debug|Any CPU.Deploy.0 = Debug|Any CPU
		{8F8240C5-B472-4CB6-A115-5578AB3DD0DB}.Release|Any CPU.ActiveCfg = Release|Any CPU
		{E1FBF425-DD1A-43D9-B690-9560A950F356}.Debug|Any CPU.ActiveCfg = Debug|Any CPU
		{E1FBF425-DD1A-43D9-B690-9560A950F356}.Debug|Any CPU.Build.0 = Debug|Any CPU
		{E1FBF425-DD1A-43D9-B690-9560A950F356}.Release|Any CPU.ActiveCfg = Release|Any CPU
		{E1FBF425-DD1A-43D9-B690-9560A950F356}.Release|Any CPU.Build.0 = Release|Any CPU
		{9B078748-1B3D-4BD5-B749-EE8FB68AD0DC}.Debug|Any CPU.ActiveCfg = Debug|Any CPU
		{9B078748-1B3D-4BD5-B749-EE8FB68AD0DC}.Debug|Any CPU.Build.0 = Debug|Any CPU
		{9B078748-1B3D-4BD5-B749-EE8FB68AD0DC}.Release|Any CPU.ActiveCfg = Release|Any CPU
		{9B078748-1B3D-4BD5-B749-EE8FB68AD0DC}.Release|Any CPU.Build.0 = Release|Any CPU
		{8836E750-5ABA-43B6-82ED-631D6900FA26}.Debug|Any CPU.ActiveCfg = Debug|Any CPU
		{8836E750-5ABA-43B6-82ED-631D6900FA26}.Debug|Any CPU.Build.0 = Debug|Any CPU
		{8836E750-5ABA-43B6-82ED-631D6900FA26}.Release|Any CPU.ActiveCfg = Release|Any CPU
		{8836E750-5ABA-43B6-82ED-631D6900FA26}.Release|Any CPU.Build.0 = Release|Any CPU
		{EE7A3FB3-48E4-4973-802F-F4B95FCF48C0}.Debug|Any CPU.ActiveCfg = Debug|Any CPU
		{EE7A3FB3-48E4-4973-802F-F4B95FCF48C0}.Debug|Any CPU.Build.0 = Debug|Any CPU
		{EE7A3FB3-48E4-4973-802F-F4B95FCF48C0}.Release|Any CPU.ActiveCfg = Release|Any CPU
		{EE7A3FB3-48E4-4973-802F-F4B95FCF48C0}.Release|Any CPU.Build.0 = Release|Any CPU
		{61B4982B-665D-4B0A-B330-92D8E4110FB6}.Debug|Any CPU.ActiveCfg = Debug|Any CPU
		{61B4982B-665D-4B0A-B330-92D8E4110FB6}.Debug|Any CPU.Build.0 = Debug|Any CPU
		{61B4982B-665D-4B0A-B330-92D8E4110FB6}.Release|Any CPU.ActiveCfg = Release|Any CPU
		{61B4982B-665D-4B0A-B330-92D8E4110FB6}.Release|Any CPU.Build.0 = Release|Any CPU
		{A543D5EE-AD1A-47A8-8E18-154710A6A44F}.Debug|Any CPU.ActiveCfg = Debug|Any CPU
		{A543D5EE-AD1A-47A8-8E18-154710A6A44F}.Debug|Any CPU.Build.0 = Debug|Any CPU
		{A543D5EE-AD1A-47A8-8E18-154710A6A44F}.Release|Any CPU.ActiveCfg = Release|Any CPU
		{A543D5EE-AD1A-47A8-8E18-154710A6A44F}.Release|Any CPU.Build.0 = Release|Any CPU
		{D52C951F-030B-4BFD-8803-EF5DBE55F246}.Debug|Any CPU.ActiveCfg = Debug|Any CPU
		{D52C951F-030B-4BFD-8803-EF5DBE55F246}.Debug|Any CPU.Build.0 = Debug|Any CPU
		{D52C951F-030B-4BFD-8803-EF5DBE55F246}.Release|Any CPU.ActiveCfg = Release|Any CPU
		{D52C951F-030B-4BFD-8803-EF5DBE55F246}.Release|Any CPU.Build.0 = Release|Any CPU
		{47DC3410-DDFD-4B06-A26B-509AA5BAF27A}.Debug|Any CPU.ActiveCfg = Debug|Any CPU
		{47DC3410-DDFD-4B06-A26B-509AA5BAF27A}.Debug|Any CPU.Build.0 = Debug|Any CPU
		{47DC3410-DDFD-4B06-A26B-509AA5BAF27A}.Debug|Any CPU.Deploy.0 = Debug|Any CPU
		{47DC3410-DDFD-4B06-A26B-509AA5BAF27A}.Release|Any CPU.ActiveCfg = Release|Any CPU
		{47DC3410-DDFD-4B06-A26B-509AA5BAF27A}.Release|Any CPU.Build.0 = Release|Any CPU
		{47DC3410-DDFD-4B06-A26B-509AA5BAF27A}.Release|Any CPU.Deploy.0 = Release|Any CPU
		{DE0BFB06-D9E1-4D70-8797-AFC667084CF4}.Debug|Any CPU.ActiveCfg = Debug|Any CPU
		{DE0BFB06-D9E1-4D70-8797-AFC667084CF4}.Debug|Any CPU.Build.0 = Debug|Any CPU
		{DE0BFB06-D9E1-4D70-8797-AFC667084CF4}.Release|Any CPU.ActiveCfg = Release|Any CPU
		{DE0BFB06-D9E1-4D70-8797-AFC667084CF4}.Release|Any CPU.Build.0 = Release|Any CPU
		{60B1B7F8-7E5B-4D02-9610-08013CE4BB33}.Debug|Any CPU.ActiveCfg = Debug|Any CPU
		{60B1B7F8-7E5B-4D02-9610-08013CE4BB33}.Debug|Any CPU.Build.0 = Debug|Any CPU
		{60B1B7F8-7E5B-4D02-9610-08013CE4BB33}.Release|Any CPU.ActiveCfg = Release|Any CPU
		{60B1B7F8-7E5B-4D02-9610-08013CE4BB33}.Release|Any CPU.Build.0 = Release|Any CPU
		{0840289D-F07F-496B-8AF3-615D76AFDE24}.Debug|Any CPU.ActiveCfg = Debug|Any CPU
		{0840289D-F07F-496B-8AF3-615D76AFDE24}.Debug|Any CPU.Build.0 = Debug|Any CPU
		{0840289D-F07F-496B-8AF3-615D76AFDE24}.Release|Any CPU.ActiveCfg = Release|Any CPU
		{0840289D-F07F-496B-8AF3-615D76AFDE24}.Release|Any CPU.Build.0 = Release|Any CPU
		{D7C006E7-9F10-4A30-A076-DF89209CF3E5}.Debug|Any CPU.ActiveCfg = Debug|Any CPU
		{D7C006E7-9F10-4A30-A076-DF89209CF3E5}.Debug|Any CPU.Build.0 = Debug|Any CPU
		{D7C006E7-9F10-4A30-A076-DF89209CF3E5}.Release|Any CPU.ActiveCfg = Release|Any CPU
		{D7C006E7-9F10-4A30-A076-DF89209CF3E5}.Release|Any CPU.Build.0 = Release|Any CPU
		{26935349-E460-427B-BFAE-552564F35BE5}.Debug|Any CPU.ActiveCfg = Debug|Any CPU
		{26935349-E460-427B-BFAE-552564F35BE5}.Debug|Any CPU.Build.0 = Debug|Any CPU
		{26935349-E460-427B-BFAE-552564F35BE5}.Release|Any CPU.ActiveCfg = Release|Any CPU
		{26935349-E460-427B-BFAE-552564F35BE5}.Release|Any CPU.Build.0 = Release|Any CPU
		{3C8217D4-457B-425C-9626-43AE1C0DDF0D}.Debug|Any CPU.ActiveCfg = Debug|Any CPU
		{3C8217D4-457B-425C-9626-43AE1C0DDF0D}.Debug|Any CPU.Build.0 = Debug|Any CPU
		{3C8217D4-457B-425C-9626-43AE1C0DDF0D}.Release|Any CPU.ActiveCfg = Release|Any CPU
		{3C8217D4-457B-425C-9626-43AE1C0DDF0D}.Release|Any CPU.Build.0 = Release|Any CPU
		{33DBFE2A-2EAE-4B04-855B-D5ADEDF38D74}.Debug|Any CPU.ActiveCfg = Debug|Any CPU
		{33DBFE2A-2EAE-4B04-855B-D5ADEDF38D74}.Debug|Any CPU.Build.0 = Debug|Any CPU
		{33DBFE2A-2EAE-4B04-855B-D5ADEDF38D74}.Release|Any CPU.ActiveCfg = Release|Any CPU
		{33DBFE2A-2EAE-4B04-855B-D5ADEDF38D74}.Release|Any CPU.Build.0 = Release|Any CPU
		{C5167967-0DA8-4133-A89B-1C246C8536C5}.Debug|Any CPU.ActiveCfg = Debug|Any CPU
		{C5167967-0DA8-4133-A89B-1C246C8536C5}.Debug|Any CPU.Build.0 = Debug|Any CPU
		{C5167967-0DA8-4133-A89B-1C246C8536C5}.Release|Any CPU.ActiveCfg = Release|Any CPU
		{C5167967-0DA8-4133-A89B-1C246C8536C5}.Release|Any CPU.Build.0 = Release|Any CPU
		{2E2085E6-C45F-4EAB-9F39-8DC83CE3B9B2}.Debug|Any CPU.ActiveCfg = Debug|Any CPU
		{2E2085E6-C45F-4EAB-9F39-8DC83CE3B9B2}.Debug|Any CPU.Build.0 = Debug|Any CPU
		{2E2085E6-C45F-4EAB-9F39-8DC83CE3B9B2}.Release|Any CPU.ActiveCfg = Release|Any CPU
		{2E2085E6-C45F-4EAB-9F39-8DC83CE3B9B2}.Release|Any CPU.Build.0 = Release|Any CPU
		{5EED26F8-2233-49E7-A302-82EF46DACE1A}.Debug|Any CPU.ActiveCfg = Debug|Any CPU
		{5EED26F8-2233-49E7-A302-82EF46DACE1A}.Debug|Any CPU.Build.0 = Debug|Any CPU
		{5EED26F8-2233-49E7-A302-82EF46DACE1A}.Release|Any CPU.ActiveCfg = Release|Any CPU
		{5EED26F8-2233-49E7-A302-82EF46DACE1A}.Release|Any CPU.Build.0 = Release|Any CPU
		{E9177C4B-593F-4EDE-B782-4CB7BC7C2D36}.Debug|Any CPU.ActiveCfg = Debug|Any CPU
		{E9177C4B-593F-4EDE-B782-4CB7BC7C2D36}.Debug|Any CPU.Build.0 = Debug|Any CPU
		{E9177C4B-593F-4EDE-B782-4CB7BC7C2D36}.Release|Any CPU.ActiveCfg = Release|Any CPU
		{E9177C4B-593F-4EDE-B782-4CB7BC7C2D36}.Release|Any CPU.Build.0 = Release|Any CPU
		{34A02BFD-A9AC-47EE-A1DE-A5B00C64CCAA}.Debug|Any CPU.ActiveCfg = Debug|Any CPU
		{34A02BFD-A9AC-47EE-A1DE-A5B00C64CCAA}.Debug|Any CPU.Build.0 = Debug|Any CPU
		{34A02BFD-A9AC-47EE-A1DE-A5B00C64CCAA}.Release|Any CPU.ActiveCfg = Release|Any CPU
		{34A02BFD-A9AC-47EE-A1DE-A5B00C64CCAA}.Release|Any CPU.Build.0 = Release|Any CPU
		{2238CEE0-0A21-4C0A-8A18-2DD08020AF99}.Debug|Any CPU.ActiveCfg = Debug|Any CPU
		{2238CEE0-0A21-4C0A-8A18-2DD08020AF99}.Debug|Any CPU.Build.0 = Debug|Any CPU
		{2238CEE0-0A21-4C0A-8A18-2DD08020AF99}.Release|Any CPU.ActiveCfg = Release|Any CPU
		{2238CEE0-0A21-4C0A-8A18-2DD08020AF99}.Release|Any CPU.Build.0 = Release|Any CPU
		{544C51D0-794B-426C-B7D4-E1DA45CBE916}.Debug|Any CPU.ActiveCfg = Debug|Any CPU
		{544C51D0-794B-426C-B7D4-E1DA45CBE916}.Debug|Any CPU.Build.0 = Debug|Any CPU
		{544C51D0-794B-426C-B7D4-E1DA45CBE916}.Release|Any CPU.ActiveCfg = Release|Any CPU
		{544C51D0-794B-426C-B7D4-E1DA45CBE916}.Release|Any CPU.Build.0 = Release|Any CPU
		{511708F0-5282-4B40-9848-792C0E139FF8}.Debug|Any CPU.ActiveCfg = Debug|Any CPU
		{511708F0-5282-4B40-9848-792C0E139FF8}.Debug|Any CPU.Build.0 = Debug|Any CPU
		{511708F0-5282-4B40-9848-792C0E139FF8}.Release|Any CPU.ActiveCfg = Release|Any CPU
		{511708F0-5282-4B40-9848-792C0E139FF8}.Release|Any CPU.Build.0 = Release|Any CPU
	EndGlobalSection
	GlobalSection(SolutionProperties) = preSolution
		HideSolutionNode = FALSE
	EndGlobalSection
	GlobalSection(NestedProjects) = preSolution
		{D52C951F-030B-4BFD-8803-EF5DBE55F246} = {2754ACBC-340B-4D5C-AEE8-1AC1AD5CF9E0}
		{DE0BFB06-D9E1-4D70-8797-AFC667084CF4} = {38BEA81E-F80F-44DE-A930-9BD5D3A62FFF}
		{60B1B7F8-7E5B-4D02-9610-08013CE4BB33} = {38BEA81E-F80F-44DE-A930-9BD5D3A62FFF}
		{0840289D-F07F-496B-8AF3-615D76AFDE24} = {38BEA81E-F80F-44DE-A930-9BD5D3A62FFF}
		{D7C006E7-9F10-4A30-A076-DF89209CF3E5} = {38BEA81E-F80F-44DE-A930-9BD5D3A62FFF}
		{26935349-E460-427B-BFAE-552564F35BE5} = {38BEA81E-F80F-44DE-A930-9BD5D3A62FFF}
		{3C8217D4-457B-425C-9626-43AE1C0DDF0D} = {38BEA81E-F80F-44DE-A930-9BD5D3A62FFF}
		{33DBFE2A-2EAE-4B04-855B-D5ADEDF38D74} = {38BEA81E-F80F-44DE-A930-9BD5D3A62FFF}
		{C5167967-0DA8-4133-A89B-1C246C8536C5} = {38BEA81E-F80F-44DE-A930-9BD5D3A62FFF}
		{2E2085E6-C45F-4EAB-9F39-8DC83CE3B9B2} = {38BEA81E-F80F-44DE-A930-9BD5D3A62FFF}
		{609F2607-9FFD-4DF1-AB84-5E745FD6395E} = {EAC5F111-34BB-4633-A274-257074F46E7F}
		{5EED26F8-2233-49E7-A302-82EF46DACE1A} = {2754ACBC-340B-4D5C-AEE8-1AC1AD5CF9E0}
		{E9177C4B-593F-4EDE-B782-4CB7BC7C2D36} = {38BEA81E-F80F-44DE-A930-9BD5D3A62FFF}
		{34A02BFD-A9AC-47EE-A1DE-A5B00C64CCAA} = {2754ACBC-340B-4D5C-AEE8-1AC1AD5CF9E0}
		{2238CEE0-0A21-4C0A-8A18-2DD08020AF99} = {38BEA81E-F80F-44DE-A930-9BD5D3A62FFF}
		{544C51D0-794B-426C-B7D4-E1DA45CBE916} = {2754ACBC-340B-4D5C-AEE8-1AC1AD5CF9E0}
		{511708F0-5282-4B40-9848-792C0E139FF8} = {54709F25-BC08-4B76-9DEE-88687AD76533}
	EndGlobalSection
	GlobalSection(ExtensibilityGlobals) = postSolution
		SolutionGuid = {0CAD466B-BD01-4883-9CDC-F62C19A2A615}
	EndGlobalSection
EndGlobal
