<Solution>
  <Folder Name="/.github/">
    <File Path=".github/dependabot.yml" />
  </Folder>
  <Folder Name="/.github/workflows/">
    <File Path=".github/workflows/build.yml" />
  </Folder>
  <Folder Name="/Config/">
    <File Path=".editorconfig" />
    <File Path=".gitignore" />
    <File Path=".npmrc" />
    <File Path="Asm.MooBank.lutconfig" />
    <File Path="CLAUDE.md" />
    <File Path="coverlet.runsettings" />
    <File Path="Directory.Build.props" />
    <File Path="Directory.Build.targets" />
    <File Path="Directory.Packages.props" />
    <File Path="LICENSE" />
    <File Path="NuGet.config" />
    <File Path="README.md" />
  </Folder>
  <Folder Name="/Documentation/">
    <File Path="LICENSE" />
    <File Path="README.md" />
  </Folder>
  <Folder Name="/Integrations/">
    <Project Path="src/Asm.MooBank.Abs/Asm.MooBank.Abs.csproj" />
    <Project Path="src/Asm.MooBank.Eodhd/Asm.MooBank.Eodhd.csproj" />
    <Project Path="src/Asm.MooBank.ExchangeRateApi/Asm.MooBank.ExchangeRateApi.csproj" />
    <Project Path="src/Asm.MooBank.Institution.AustralianSuper/Asm.MooBank.Institution.AustralianSuper.csproj" />
    <Project Path="src/Asm.MooBank.Institution.Ing/Asm.MooBank.Institution.Ing.csproj" />
    <Project Path="src/Asm.MooBank.Institution.Macquarie/Asm.MooBank.Institution.Macquarie.csproj" />
  </Folder>
  <Folder Name="/Modules/">
    <Project Path="src/Asm.MooBank.Modules.Accounts/Asm.MooBank.Modules.Accounts.csproj" />
    <Project Path="src/Asm.MooBank.Modules.Assets/Asm.MooBank.Modules.Assets.csproj" />
    <Project Path="src/Asm.MooBank.Modules.Bills/Asm.MooBank.Modules.Bills.csproj" />
    <Project Path="src/Asm.MooBank.Modules.Budgets/Asm.MooBank.Modules.Budgets.csproj" />
    <Project Path="src/Asm.MooBank.Modules.Families/Asm.MooBank.Modules.Families.csproj" />
    <Project Path="src/Asm.MooBank.Modules.Forecast/Asm.MooBank.Modules.Forecast.csproj" />
    <Project Path="src/Asm.MooBank.Modules.Groups/Asm.MooBank.Modules.Groups.csproj" />
    <Project Path="src/Asm.MooBank.Modules.Institutions/Asm.MooBank.Modules.Institutions.csproj" />
    <Project Path="src/Asm.MooBank.Modules.Instruments/Asm.MooBank.Modules.Instruments.csproj" />
    <Project Path="src/Asm.MooBank.Modules.ReferenceData/Asm.MooBank.Modules.ReferenceData.csproj" />
    <Project Path="src/Asm.MooBank.Modules.Reports/Asm.MooBank.Modules.Reports.csproj" />
    <Project Path="src/Asm.MooBank.Modules.Stocks/Asm.MooBank.Modules.Stocks.csproj" />
    <Project Path="src/Asm.MooBank.Modules.Tags/Asm.MooBank.Modules.Tags.csproj" />
    <Project Path="src/Asm.MooBank.Modules.Transactions/Asm.MooBank.Modules.Transactions.csproj" />
    <Project Path="src/Asm.MooBank.Modules.Users/Asm.MooBank.Modules.Users.csproj" />
  </Folder>
  <Folder Name="/Tests/">
    <File Path="tests/Directory.Build.props" />
    <Project Path="tests/Asm.MooBank.Abs.Tests/Asm.MooBank.Abs.Tests.csproj" />
    <Project Path="tests/Asm.MooBank.Core.Tests/Asm.MooBank.Core.Tests.csproj" />
    <Project Path="tests/Asm.MooBank.Domain.Tests/Asm.MooBank.Domain.Tests.csproj" />
    <Project Path="tests/Asm.MooBank.Modules.Tests/Asm.MooBank.Modules.Tests.csproj" />
  </Folder>
  <Project Path="src/Asm.MooBank.AppHost/Asm.MooBank.AppHost.csproj" />
  <Project Path="src/Asm.MooBank.Database/Asm.MooBank.Database.sqlproj" Id="692a95bf-a4d2-4f37-af63-a3b5a2c04fc7">
    <Build />
  </Project>
  <Project Path="src/Asm.MooBank.Domain/Asm.MooBank.Domain.csproj" />
  <Project Path="src/Asm.MooBank.Infrastructure/Asm.MooBank.Infrastructure.csproj" />
  <Project Path="src/Asm.MooBank.Models/Asm.MooBank.Models.csproj" />
  <Project Path="src/Asm.MooBank.Security/Asm.MooBank.Security.csproj" />
  <Project Path="src/Asm.MooBank.Web.Api/Asm.MooBank.Web.Api.csproj" />
  <Project Path="src/Asm.MooBank.Web.App/Asm.MooBank.Web.App.esproj">
    <Build />
    <Deploy />
  </Project>
  <Project Path="src/Asm.MooBank/Asm.MooBank.csproj" />
</Solution>
